
Microsoft Visual Studio Solution File, Format Version 12.00
# Visual Studio Version 16
VisualStudioVersion = 16.0.810.25
MinimumVisualStudioVersion = 10.0.40219.1
Project("{FAE04EC0-301F-11D3-BF4B-00C04F79EFBC}") = "4", "4.csproj", "{F00769D1-7A49-413E-A50B-8991D44D0490}"
EndProject
Global
	GlobalSection(SolutionConfigurationPlatforms) = preSolution
		Debug|anycpu = Debug|anycpu
		Release|anycpu = Release|anycpu
	EndGlobalSection
	GlobalSection(ProjectConfigurationPlatforms) = postSolution
		{F00769D1-7A49-413E-A50B-8991D44D0490}.Debug|anycpu.ActiveCfg = Debug|anycpu
		{F00769D1-7A49-413E-A50B-8991D44D0490}.Debug|anycpu.Build.0 = Debug|anycpu
		{F00769D1-7A49-413E-A50B-8991D44D0490}.Release|anycpu.ActiveCfg = Release|anycpu
		{F00769D1-7A49-413E-A50B-8991D44D0490}.Release|anycpu.Build.0 = Release|anycpu
	EndGlobalSection
	GlobalSection(SolutionProperties) = preSolution
		HideSolutionNode = FALSE
	EndGlobalSection
	GlobalSection(ExtensibilityGlobals) = postSolution
		SolutionGuid = {D1C3E617-ED1C-48AD-89E6-C21B0B119F82}
	EndGlobalSection
EndGlobal
